
Microsoft Visual Studio Solution File, Format Version 12.00
# Visual Studio Version 16
VisualStudioVersion = 16.0.29318.209
MinimumVisualStudioVersion = 10.0.40219.1
Project("{9A19103F-16F7-4668-BE54-9A1E7A4F7556}") = "IIoTEngTool", "IIoTEngTool\IIoTEngTool.csproj", "{11B97AE1-2790-4F08-9291-71823AAAE5FF}"
EndProject
Global
	GlobalSection(SolutionConfigurationPlatforms) = preSolution
		Debug|Any CPU = Debug|Any CPU
		Release|Any CPU = Release|Any CPU
	EndGlobalSection
	GlobalSection(ProjectConfigurationPlatforms) = postSolution
		{11B97AE1-2790-4F08-9291-71823AAAE5FF}.Debug|Any CPU.ActiveCfg = Debug|Any CPU
		{11B97AE1-2790-4F08-9291-71823AAAE5FF}.Debug|Any CPU.Build.0 = Debug|Any CPU
		{11B97AE1-2790-4F08-9291-71823AAAE5FF}.Release|Any CPU.ActiveCfg = Release|Any CPU
		{11B97AE1-2790-4F08-9291-71823AAAE5FF}.Release|Any CPU.Build.0 = Release|Any CPU
	EndGlobalSection
	GlobalSection(SolutionProperties) = preSolution
		HideSolutionNode = FALSE
	EndGlobalSection
	GlobalSection(ExtensibilityGlobals) = postSolution
		SolutionGuid = {C674FD8F-BAAD-4F7B-8A4F-E5E385795256}
	EndGlobalSection
EndGlobal
